PODS:
  - Applozic (5.3.0):
    - SDWebImage (~> 4.2.2)
  - SDWebImage (4.2.3):
    - SDWebImage/Core (= 4.2.3)
  - SDWebImage/Core (4.2.3)
  - TwilioVideo (1.1.0)

DEPENDENCIES:
  - Applozic (~> 5.3.0)
  - TwilioVideo (~> 1.1.0)

SPEC CHECKSUMS:
  Applozic: 4d269640930b2c3f638ccd642cbfa4b3fdd3ba02
  SDWebImage: 791bb72962b3492327ddcac4b1880bd1b5458431
  TwilioVideo: bc15cab4f8a76551a60ecddf3cc3814bf5ff8bf4

PODFILE CHECKSUM: bd96fabf7ffcd9aba8e75ab633926f7ec7874f9e

COCOAPODS: 1.4.0
